
Microsoft Visual Studio Solution File, Format Version 12.00
# Visual Studio 15
VisualStudioVersion = 15.0.26124.0
MinimumVisualStudioVersion = 15.0.26124.0
Project("{2150E333-8FDC-42A3-9474-1A3956D46DE8}") = "src", "src", "{49CC708C-AAB9-4CFC-95F6-CDC4B679AF94}"
EndProject
Project("{FAE04EC0-301F-11D3-BF4B-00C04F79EFBC}") = "Service", "src\Service\Service.csproj", "{F505DD19-9434-4630-B964-B93C6CEECA06}"
EndProject
Project("{FAE04EC0-301F-11D3-BF4B-00C04F79EFBC}") = "Domain", "src\Domain\Domain.csproj", "{5F50E827-E104-44AB-8D51-496B54F8F5D2}"
EndProject
Project("{FAE04EC0-301F-11D3-BF4B-00C04F79EFBC}") = "Infra", "src\Infra\Infra.csproj", "{10003A03-4B25-40B3-8413-992A6FBC73F6}"
EndProject
Project("{2150E333-8FDC-42A3-9474-1A3956D46DE8}") = "testes", "testes", "{94673525-C4B4-4831-8AD7-BD567189B4E5}"
EndProject
Project("{FAE04EC0-301F-11D3-BF4B-00C04F79EFBC}") = "Unitteste", "testes\Unitteste\Unitteste.csproj", "{B00E07B0-97B3-4CB3-88B6-E513D3EEB27E}"
EndProject
Project("{FAE04EC0-301F-11D3-BF4B-00C04F79EFBC}") = "Function", "src\Function\Function.csproj", "{76CB4C5C-4748-48B4-90DC-351006ABF4E5}"
EndProject
Global
	GlobalSection(SolutionConfigurationPlatforms) = preSolution
		Debug|Any CPU = Debug|Any CPU
		Debug|x64 = Debug|x64
		Debug|x86 = Debug|x86
		Release|Any CPU = Release|Any CPU
		Release|x64 = Release|x64
		Release|x86 = Release|x86
	EndGlobalSection
	GlobalSection(SolutionProperties) = preSolution
		HideSolutionNode = FALSE
	EndGlobalSection
	GlobalSection(ProjectConfigurationPlatforms) = postSolution
		{F505DD19-9434-4630-B964-B93C6CEECA06}.Debug|Any CPU.ActiveCfg = Debug|Any CPU
		{F505DD19-9434-4630-B964-B93C6CEECA06}.Debug|Any CPU.Build.0 = Debug|Any CPU
		{F505DD19-9434-4630-B964-B93C6CEECA06}.Debug|x64.ActiveCfg = Debug|Any CPU
		{F505DD19-9434-4630-B964-B93C6CEECA06}.Debug|x64.Build.0 = Debug|Any CPU
		{F505DD19-9434-4630-B964-B93C6CEECA06}.Debug|x86.ActiveCfg = Debug|Any CPU
		{F505DD19-9434-4630-B964-B93C6CEECA06}.Debug|x86.Build.0 = Debug|Any CPU
		{F505DD19-9434-4630-B964-B93C6CEECA06}.Release|Any CPU.ActiveCfg = Release|Any CPU
		{F505DD19-9434-4630-B964-B93C6CEECA06}.Release|Any CPU.Build.0 = Release|Any CPU
		{F505DD19-9434-4630-B964-B93C6CEECA06}.Release|x64.ActiveCfg = Release|Any CPU
		{F505DD19-9434-4630-B964-B93C6CEECA06}.Release|x64.Build.0 = Release|Any CPU
		{F505DD19-9434-4630-B964-B93C6CEECA06}.Release|x86.ActiveCfg = Release|Any CPU
		{F505DD19-9434-4630-B964-B93C6CEECA06}.Release|x86.Build.0 = Release|Any CPU
		{5F50E827-E104-44AB-8D51-496B54F8F5D2}.Debug|Any CPU.ActiveCfg = Debug|Any CPU
		{5F50E827-E104-44AB-8D51-496B54F8F5D2}.Debug|Any CPU.Build.0 = Debug|Any CPU
		{5F50E827-E104-44AB-8D51-496B54F8F5D2}.Debug|x64.ActiveCfg = Debug|Any CPU
		{5F50E827-E104-44AB-8D51-496B54F8F5D2}.Debug|x64.Build.0 = Debug|Any CPU
		{5F50E827-E104-44AB-8D51-496B54F8F5D2}.Debug|x86.ActiveCfg = Debug|Any CPU
		{5F50E827-E104-44AB-8D51-496B54F8F5D2}.Debug|x86.Build.0 = Debug|Any CPU
		{5F50E827-E104-44AB-8D51-496B54F8F5D2}.Release|Any CPU.ActiveCfg = Release|Any CPU
		{5F50E827-E104-44AB-8D51-496B54F8F5D2}.Release|Any CPU.Build.0 = Release|Any CPU
		{5F50E827-E104-44AB-8D51-496B54F8F5D2}.Release|x64.ActiveCfg = Release|Any CPU
		{5F50E827-E104-44AB-8D51-496B54F8F5D2}.Release|x64.Build.0 = Release|Any CPU
		{5F50E827-E104-44AB-8D51-496B54F8F5D2}.Release|x86.ActiveCfg = Release|Any CPU
		{5F50E827-E104-44AB-8D51-496B54F8F5D2}.Release|x86.Build.0 = Release|Any CPU
		{10003A03-4B25-40B3-8413-992A6FBC73F6}.Debug|Any CPU.ActiveCfg = Debug|Any CPU
		{10003A03-4B25-40B3-8413-992A6FBC73F6}.Debug|Any CPU.Build.0 = Debug|Any CPU
		{10003A03-4B25-40B3-8413-992A6FBC73F6}.Debug|x64.ActiveCfg = Debug|Any CPU
		{10003A03-4B25-40B3-8413-992A6FBC73F6}.Debug|x64.Build.0 = Debug|Any CPU
		{10003A03-4B25-40B3-8413-992A6FBC73F6}.Debug|x86.ActiveCfg = Debug|Any CPU
		{10003A03-4B25-40B3-8413-992A6FBC73F6}.Debug|x86.Build.0 = Debug|Any CPU
		{10003A03-4B25-40B3-8413-992A6FBC73F6}.Release|Any CPU.ActiveCfg = Release|Any CPU
		{10003A03-4B25-40B3-8413-992A6FBC73F6}.Release|Any CPU.Build.0 = Release|Any CPU
		{10003A03-4B25-40B3-8413-992A6FBC73F6}.Release|x64.ActiveCfg = Release|Any CPU
		{10003A03-4B25-40B3-8413-992A6FBC73F6}.Release|x64.Build.0 = Release|Any CPU
		{10003A03-4B25-40B3-8413-992A6FBC73F6}.Release|x86.ActiveCfg = Release|Any CPU
		{10003A03-4B25-40B3-8413-992A6FBC73F6}.Release|x86.Build.0 = Release|Any CPU
		{B00E07B0-97B3-4CB3-88B6-E513D3EEB27E}.Debug|Any CPU.ActiveCfg = Debug|Any CPU
		{B00E07B0-97B3-4CB3-88B6-E513D3EEB27E}.Debug|Any CPU.Build.0 = Debug|Any CPU
		{B00E07B0-97B3-4CB3-88B6-E513D3EEB27E}.Debug|x64.ActiveCfg = Debug|Any CPU
		{B00E07B0-97B3-4CB3-88B6-E513D3EEB27E}.Debug|x64.Build.0 = Debug|Any CPU
		{B00E07B0-97B3-4CB3-88B6-E513D3EEB27E}.Debug|x86.ActiveCfg = Debug|Any CPU
		{B00E07B0-97B3-4CB3-88B6-E513D3EEB27E}.Debug|x86.Build.0 = Debug|Any CPU
		{B00E07B0-97B3-4CB3-88B6-E513D3EEB27E}.Release|Any CPU.ActiveCfg = Release|Any CPU
		{B00E07B0-97B3-4CB3-88B6-E513D3EEB27E}.Release|Any CPU.Build.0 = Release|Any CPU
		{B00E07B0-97B3-4CB3-88B6-E513D3EEB27E}.Release|x64.ActiveCfg = Release|Any CPU
		{B00E07B0-97B3-4CB3-88B6-E513D3EEB27E}.Release|x64.Build.0 = Release|Any CPU
		{B00E07B0-97B3-4CB3-88B6-E513D3EEB27E}.Release|x86.ActiveCfg = Release|Any CPU
		{B00E07B0-97B3-4CB3-88B6-E513D3EEB27E}.Release|x86.Build.0 = Release|Any CPU
		{76CB4C5C-4748-48B4-90DC-351006ABF4E5}.Debug|Any CPU.ActiveCfg = Debug|Any CPU
		{76CB4C5C-4748-48B4-90DC-351006ABF4E5}.Debug|Any CPU.Build.0 = Debug|Any CPU
		{76CB4C5C-4748-48B4-90DC-351006ABF4E5}.Debug|x64.ActiveCfg = Debug|Any CPU
		{76CB4C5C-4748-48B4-90DC-351006ABF4E5}.Debug|x64.Build.0 = Debug|Any CPU
		{76CB4C5C-4748-48B4-90DC-351006ABF4E5}.Debug|x86.ActiveCfg = Debug|Any CPU
		{76CB4C5C-4748-48B4-90DC-351006ABF4E5}.Debug|x86.Build.0 = Debug|Any CPU
		{76CB4C5C-4748-48B4-90DC-351006ABF4E5}.Release|Any CPU.ActiveCfg = Release|Any CPU
		{76CB4C5C-4748-48B4-90DC-351006ABF4E5}.Release|Any CPU.Build.0 = Release|Any CPU
		{76CB4C5C-4748-48B4-90DC-351006ABF4E5}.Release|x64.ActiveCfg = Release|Any CPU
		{76CB4C5C-4748-48B4-90DC-351006ABF4E5}.Release|x64.Build.0 = Release|Any CPU
		{76CB4C5C-4748-48B4-90DC-351006ABF4E5}.Release|x86.ActiveCfg = Release|Any CPU
		{76CB4C5C-4748-48B4-90DC-351006ABF4E5}.Release|x86.Build.0 = Release|Any CPU
	EndGlobalSection
	GlobalSection(NestedProjects) = preSolution
		{F505DD19-9434-4630-B964-B93C6CEECA06} = {49CC708C-AAB9-4CFC-95F6-CDC4B679AF94}
		{5F50E827-E104-44AB-8D51-496B54F8F5D2} = {49CC708C-AAB9-4CFC-95F6-CDC4B679AF94}
		{10003A03-4B25-40B3-8413-992A6FBC73F6} = {49CC708C-AAB9-4CFC-95F6-CDC4B679AF94}
		{B00E07B0-97B3-4CB3-88B6-E513D3EEB27E} = {94673525-C4B4-4831-8AD7-BD567189B4E5}
		{76CB4C5C-4748-48B4-90DC-351006ABF4E5} = {49CC708C-AAB9-4CFC-95F6-CDC4B679AF94}
	EndGlobalSection
EndGlobal
